
Microsoft Visual Studio Solution File, Format Version 12.00
# Visual Studio Express 2013 for Windows Desktop
VisualStudioVersion = 12.0.30110.0
MinimumVisualStudioVersion = 10.0.40219.1
Project("{8BC9CEB8-8B4A-11D0-8D11-00A0C91BC942}") = "BasicDifferencesDebugVsRelease", "AssemblyDebuggingEx1\AssemblyDebuggingEx1.vcxproj", "{46343A28-D58E-4F6C-B87F-38AF9F45488C}"
EndProject
Project("{8BC9CEB8-8B4A-11D0-8D11-00A0C91BC942}") = "WatchWindowEx1", "WatchWindowEx1\WatchWindowEx1.vcxproj", "{B4A819E2-6EA1-4BE9-98E3-8D698AE9AE17}"
EndProject
Project("{8BC9CEB8-8B4A-11D0-8D11-00A0C91BC942}") = "StackDetailed", "StackDetailed\StackDetailed.vcxproj", "{F7A666A5-AE68-4BC1-A177-36069656F6F4}"
EndProject
Project("{8BC9CEB8-8B4A-11D0-8D11-00A0C91BC942}") = "CallingConventions", "CallingConventions\CallingConventions.vcxproj", "{63D3C8F7-C4E8-4E7F-805E-BD3BF2356C6A}"
EndProject
Project("{8BC9CEB8-8B4A-11D0-8D11-00A0C91BC942}") = "Exercice", "Exercice\Exercice.vcxproj", "{5D210E5C-B478-4068-916E-C7906E696E20}"
EndProject
Project("{8BC9CEB8-8B4A-11D0-8D11-00A0C91BC942}") = "Breakpoints", "Breakpoints\Breakpoints.vcxproj", "{15282F63-0082-4AC2-881F-27FDAA06585B}"
EndProject
Project("{8BC9CEB8-8B4A-11D0-8D11-00A0C91BC942}") = "SetNextStatement", "SetNextStatement\SetNextStatement.vcxproj", "{24D5A50B-DB76-475F-8921-48B48904CEDF}"
EndProject
Project("{8BC9CEB8-8B4A-11D0-8D11-00A0C91BC942}") = "Threads", "Threads\Threads.vcxproj", "{37F034CB-DD69-4EFD-8399-B22890C3B5B3}"
EndProject
Project("{8BC9CEB8-8B4A-11D0-8D11-00A0C91BC942}") = "d2Zi+", "d2Zi+\d2Zi+.vcxproj", "{6A145C08-8ABC-4D77-A1E6-04CD2C67D78E}"
EndProject
Project("{8BC9CEB8-8B4A-11D0-8D11-00A0C91BC942}") = "x86Vsx64", "x86Vsx64\x86Vsx64.vcxproj", "{77657AA5-DDDD-43B6-8A13-63D405B7B668}"
EndProject
Project("{8BC9CEB8-8B4A-11D0-8D11-00A0C91BC942}") = "Configuration", "Configuration\Configuration.vcxproj", "{F5F9BCB9-9CF6-4921-A5A2-402F0DB013ED}"
EndProject
Project("{8BC9CEB8-8B4A-11D0-8D11-00A0C91BC942}") = "FindThis", "FindThis\FindThis.vcxproj", "{D347C883-04F8-4B53-9351-568CA8D883D0}"
EndProject
Global
	GlobalSection(SolutionConfigurationPlatforms) = preSolution
		Debug|Win32 = Debug|Win32
		Debug|x64 = Debug|x64
		Release|Win32 = Release|Win32
		Release|x64 = Release|x64
	EndGlobalSection
	GlobalSection(ProjectConfigurationPlatforms) = postSolution
		{46343A28-D58E-4F6C-B87F-38AF9F45488C}.Debug|Win32.ActiveCfg = Debug|Win32
		{46343A28-D58E-4F6C-B87F-38AF9F45488C}.Debug|Win32.Build.0 = Debug|Win32
		{46343A28-D58E-4F6C-B87F-38AF9F45488C}.Debug|x64.ActiveCfg = Debug|x64
		{46343A28-D58E-4F6C-B87F-38AF9F45488C}.Debug|x64.Build.0 = Debug|x64
		{46343A28-D58E-4F6C-B87F-38AF9F45488C}.Release|Win32.ActiveCfg = Release|Win32
		{46343A28-D58E-4F6C-B87F-38AF9F45488C}.Release|Win32.Build.0 = Release|Win32
		{46343A28-D58E-4F6C-B87F-38AF9F45488C}.Release|x64.ActiveCfg = Release|x64
		{46343A28-D58E-4F6C-B87F-38AF9F45488C}.Release|x64.Build.0 = Release|x64
		{B4A819E2-6EA1-4BE9-98E3-8D698AE9AE17}.Debug|Win32.ActiveCfg = Debug|Win32
		{B4A819E2-6EA1-4BE9-98E3-8D698AE9AE17}.Debug|Win32.Build.0 = Debug|Win32
		{B4A819E2-6EA1-4BE9-98E3-8D698AE9AE17}.Debug|x64.ActiveCfg = Debug|x64
		{B4A819E2-6EA1-4BE9-98E3-8D698AE9AE17}.Debug|x64.Build.0 = Debug|x64
		{B4A819E2-6EA1-4BE9-98E3-8D698AE9AE17}.Release|Win32.ActiveCfg = Release|Win32
		{B4A819E2-6EA1-4BE9-98E3-8D698AE9AE17}.Release|Win32.Build.0 = Release|Win32
		{B4A819E2-6EA1-4BE9-98E3-8D698AE9AE17}.Release|x64.ActiveCfg = Release|x64
		{B4A819E2-6EA1-4BE9-98E3-8D698AE9AE17}.Release|x64.Build.0 = Release|x64
		{F7A666A5-AE68-4BC1-A177-36069656F6F4}.Debug|Win32.ActiveCfg = Debug|Win32
		{F7A666A5-AE68-4BC1-A177-36069656F6F4}.Debug|Win32.Build.0 = Debug|Win32
		{F7A666A5-AE68-4BC1-A177-36069656F6F4}.Debug|x64.ActiveCfg = Debug|x64
		{F7A666A5-AE68-4BC1-A177-36069656F6F4}.Debug|x64.Build.0 = Debug|x64
		{F7A666A5-AE68-4BC1-A177-36069656F6F4}.Release|Win32.ActiveCfg = Release|Win32
		{F7A666A5-AE68-4BC1-A177-36069656F6F4}.Release|Win32.Build.0 = Release|Win32
		{F7A666A5-AE68-4BC1-A177-36069656F6F4}.Release|x64.ActiveCfg = Release|x64
		{F7A666A5-AE68-4BC1-A177-36069656F6F4}.Release|x64.Build.0 = Release|x64
		{63D3C8F7-C4E8-4E7F-805E-BD3BF2356C6A}.Debug|Win32.ActiveCfg = Debug|Win32
		{63D3C8F7-C4E8-4E7F-805E-BD3BF2356C6A}.Debug|Win32.Build.0 = Debug|Win32
		{63D3C8F7-C4E8-4E7F-805E-BD3BF2356C6A}.Debug|x64.ActiveCfg = Debug|x64
		{63D3C8F7-C4E8-4E7F-805E-BD3BF2356C6A}.Debug|x64.Build.0 = Debug|x64
		{63D3C8F7-C4E8-4E7F-805E-BD3BF2356C6A}.Release|Win32.ActiveCfg = Release|Win32
		{63D3C8F7-C4E8-4E7F-805E-BD3BF2356C6A}.Release|Win32.Build.0 = Release|Win32
		{63D3C8F7-C4E8-4E7F-805E-BD3BF2356C6A}.Release|x64.ActiveCfg = Release|x64
		{63D3C8F7-C4E8-4E7F-805E-BD3BF2356C6A}.Release|x64.Build.0 = Release|x64
		{5D210E5C-B478-4068-916E-C7906E696E20}.Debug|Win32.ActiveCfg = Debug|Win32
		{5D210E5C-B478-4068-916E-C7906E696E20}.Debug|Win32.Build.0 = Debug|Win32
		{5D210E5C-B478-4068-916E-C7906E696E20}.Debug|x64.ActiveCfg = Debug|x64
		{5D210E5C-B478-4068-916E-C7906E696E20}.Debug|x64.Build.0 = Debug|x64
		{5D210E5C-B478-4068-916E-C7906E696E20}.Release|Win32.ActiveCfg = Release|Win32
		{5D210E5C-B478-4068-916E-C7906E696E20}.Release|Win32.Build.0 = Release|Win32
		{5D210E5C-B478-4068-916E-C7906E696E20}.Release|x64.ActiveCfg = Release|x64
		{5D210E5C-B478-4068-916E-C7906E696E20}.Release|x64.Build.0 = Release|x64
		{15282F63-0082-4AC2-881F-27FDAA06585B}.Debug|Win32.ActiveCfg = Debug|Win32
		{15282F63-0082-4AC2-881F-27FDAA06585B}.Debug|Win32.Build.0 = Debug|Win32
		{15282F63-0082-4AC2-881F-27FDAA06585B}.Debug|x64.ActiveCfg = Debug|x64
		{15282F63-0082-4AC2-881F-27FDAA06585B}.Debug|x64.Build.0 = Debug|x64
		{15282F63-0082-4AC2-881F-27FDAA06585B}.Release|Win32.ActiveCfg = Release|Win32
		{15282F63-0082-4AC2-881F-27FDAA06585B}.Release|Win32.Build.0 = Release|Win32
		{15282F63-0082-4AC2-881F-27FDAA06585B}.Release|x64.ActiveCfg = Release|x64
		{15282F63-0082-4AC2-881F-27FDAA06585B}.Release|x64.Build.0 = Release|x64
		{24D5A50B-DB76-475F-8921-48B48904CEDF}.Debug|Win32.ActiveCfg = Debug|Win32
		{24D5A50B-DB76-475F-8921-48B48904CEDF}.Debug|Win32.Build.0 = Debug|Win32
		{24D5A50B-DB76-475F-8921-48B48904CEDF}.Debug|x64.ActiveCfg = Debug|x64
		{24D5A50B-DB76-475F-8921-48B48904CEDF}.Debug|x64.Build.0 = Debug|x64
		{24D5A50B-DB76-475F-8921-48B48904CEDF}.Release|Win32.ActiveCfg = Release|Win32
		{24D5A50B-DB76-475F-8921-48B48904CEDF}.Release|Win32.Build.0 = Release|Win32
		{24D5A50B-DB76-475F-8921-48B48904CEDF}.Release|x64.ActiveCfg = Release|x64
		{24D5A50B-DB76-475F-8921-48B48904CEDF}.Release|x64.Build.0 = Release|x64
		{37F034CB-DD69-4EFD-8399-B22890C3B5B3}.Debug|Win32.ActiveCfg = Debug|Win32
		{37F034CB-DD69-4EFD-8399-B22890C3B5B3}.Debug|Win32.Build.0 = Debug|Win32
		{37F034CB-DD69-4EFD-8399-B22890C3B5B3}.Debug|x64.ActiveCfg = Debug|x64
		{37F034CB-DD69-4EFD-8399-B22890C3B5B3}.Debug|x64.Build.0 = Debug|x64
		{37F034CB-DD69-4EFD-8399-B22890C3B5B3}.Release|Win32.ActiveCfg = Release|Win32
		{37F034CB-DD69-4EFD-8399-B22890C3B5B3}.Release|Win32.Build.0 = Release|Win32
		{37F034CB-DD69-4EFD-8399-B22890C3B5B3}.Release|x64.ActiveCfg = Release|x64
		{37F034CB-DD69-4EFD-8399-B22890C3B5B3}.Release|x64.Build.0 = Release|x64
		{6A145C08-8ABC-4D77-A1E6-04CD2C67D78E}.Debug|Win32.ActiveCfg = Debug|Win32
		{6A145C08-8ABC-4D77-A1E6-04CD2C67D78E}.Debug|Win32.Build.0 = Debug|Win32
		{6A145C08-8ABC-4D77-A1E6-04CD2C67D78E}.Debug|x64.ActiveCfg = Debug|x64
		{6A145C08-8ABC-4D77-A1E6-04CD2C67D78E}.Debug|x64.Build.0 = Debug|x64
		{6A145C08-8ABC-4D77-A1E6-04CD2C67D78E}.Release|Win32.ActiveCfg = Release|Win32
		{6A145C08-8ABC-4D77-A1E6-04CD2C67D78E}.Release|Win32.Build.0 = Release|Win32
		{6A145C08-8ABC-4D77-A1E6-04CD2C67D78E}.Release|x64.ActiveCfg = Release|x64
		{6A145C08-8ABC-4D77-A1E6-04CD2C67D78E}.Release|x64.Build.0 = Release|x64
		{77657AA5-DDDD-43B6-8A13-63D405B7B668}.Debug|Win32.ActiveCfg = Debug|Win32
		{77657AA5-DDDD-43B6-8A13-63D405B7B668}.Debug|Win32.Build.0 = Debug|Win32
		{77657AA5-DDDD-43B6-8A13-63D405B7B668}.Debug|x64.ActiveCfg = Debug|x64
		{77657AA5-DDDD-43B6-8A13-63D405B7B668}.Debug|x64.Build.0 = Debug|x64
		{77657AA5-DDDD-43B6-8A13-63D405B7B668}.Release|Win32.ActiveCfg = Release|Win32
		{77657AA5-DDDD-43B6-8A13-63D405B7B668}.Release|Win32.Build.0 = Release|Win32
		{77657AA5-DDDD-43B6-8A13-63D405B7B668}.Release|x64.ActiveCfg = Release|x64
		{77657AA5-DDDD-43B6-8A13-63D405B7B668}.Release|x64.Build.0 = Release|x64
		{F5F9BCB9-9CF6-4921-A5A2-402F0DB013ED}.Debug|Win32.ActiveCfg = Debug|Win32
		{F5F9BCB9-9CF6-4921-A5A2-402F0DB013ED}.Debug|Win32.Build.0 = Debug|Win32
		{F5F9BCB9-9CF6-4921-A5A2-402F0DB013ED}.Debug|x64.ActiveCfg = Debug|Win32
		{F5F9BCB9-9CF6-4921-A5A2-402F0DB013ED}.Release|Win32.ActiveCfg = Release|Win32
		{F5F9BCB9-9CF6-4921-A5A2-402F0DB013ED}.Release|Win32.Build.0 = Release|Win32
		{F5F9BCB9-9CF6-4921-A5A2-402F0DB013ED}.Release|x64.ActiveCfg = Release|Win32
		{D347C883-04F8-4B53-9351-568CA8D883D0}.Debug|Win32.ActiveCfg = Debug|Win32
		{D347C883-04F8-4B53-9351-568CA8D883D0}.Debug|Win32.Build.0 = Debug|Win32
		{D347C883-04F8-4B53-9351-568CA8D883D0}.Debug|x64.ActiveCfg = Debug|Win32
		{D347C883-04F8-4B53-9351-568CA8D883D0}.Release|Win32.ActiveCfg = Release|Win32
		{D347C883-04F8-4B53-9351-568CA8D883D0}.Release|Win32.Build.0 = Release|Win32
		{D347C883-04F8-4B53-9351-568CA8D883D0}.Release|x64.ActiveCfg = Release|Win32
	EndGlobalSection
	GlobalSection(SolutionProperties) = preSolution
		HideSolutionNode = FALSE
	EndGlobalSection
EndGlobal
